
Microsoft Visual Studio Solution File, Format Version 12.00
# Visual Studio Version 17
VisualStudioVersion = 17.1.32328.378
MinimumVisualStudioVersion = 10.0.40219.1
Project("{FAE04EC0-301F-11D3-BF4B-00C04F79EFBC}") = "Basics", "Basics\Basics.csproj", "{A6DCA418-F4F8-40C1-AF31-4A9499B4FE3D}"
EndProject
Global
	GlobalSection(SolutionConfigurationPlatforms) = preSolution
		Debug|Any CPU = Debug|Any CPU
		Release|Any CPU = Release|Any CPU
	EndGlobalSection
	GlobalSection(ProjectConfigurationPlatforms) = postSolution
		{A6DCA418-F4F8-40C1-AF31-4A9499B4FE3D}.Debug|Any CPU.ActiveCfg = Debug|Any CPU
		{A6DCA418-F4F8-40C1-AF31-4A9499B4FE3D}.Debug|Any CPU.Build.0 = Debug|Any CPU
		{A6DCA418-F4F8-40C1-AF31-4A9499B4FE3D}.Release|Any CPU.ActiveCfg = Release|Any CPU
		{A6DCA418-F4F8-40C1-AF31-4A9499B4FE3D}.Release|Any CPU.Build.0 = Release|Any CPU
	EndGlobalSection
	GlobalSection(SolutionProperties) = preSolution
		HideSolutionNode = FALSE
	EndGlobalSection
	GlobalSection(ExtensibilityGlobals) = postSolution
		SolutionGuid = {552B8A52-E06D-48FE-9440-4A369748EC28}
	EndGlobalSection
EndGlobal
